
Microsoft Visual Studio Solution File, Format Version 12.00
# Visual Studio Version 17
VisualStudioVersion = 17.5.33627.172
MinimumVisualStudioVersion = 10.0.40219.1
Project("{FAE04EC0-301F-11D3-BF4B-00C04F79EFBC}") = "Calculadora", "Calculadora.csproj", "{D86FDBBD-068E-4DD3-B7C1-F278A438C919}"
EndProject
Global
	GlobalSection(SolutionConfigurationPlatforms) = preSolution
		Debug|Any CPU = Debug|Any CPU
		Release|Any CPU = Release|Any CPU
	EndGlobalSection
	GlobalSection(ProjectConfigurationPlatforms) = postSolution
		{D86FDBBD-068E-4DD3-B7C1-F278A438C919}.Debug|Any CPU.ActiveCfg = Debug|Any CPU
		{D86FDBBD-068E-4DD3-B7C1-F278A438C919}.Debug|Any CPU.Build.0 = Debug|Any CPU
		{D86FDBBD-068E-4DD3-B7C1-F278A438C919}.Release|Any CPU.ActiveCfg = Release|Any CPU
		{D86FDBBD-068E-4DD3-B7C1-F278A438C919}.Release|Any CPU.Build.0 = Release|Any CPU
	EndGlobalSection
	GlobalSection(SolutionProperties) = preSolution
		HideSolutionNode = FALSE
	EndGlobalSection
	GlobalSection(ExtensibilityGlobals) = postSolution
		SolutionGuid = {19A82BC5-6E0A-4765-916A-19D2D066B670}
	EndGlobalSection
EndGlobal
